
Microsoft Visual Studio Solution File, Format Version 12.00
Project("{2150E333-8FDC-42A3-9474-1A3956D46DE8}") = "core", "core", "{A988FD5A-0537-41BE-8241-6C9813751696}"
EndProject
Project("{2150E333-8FDC-42A3-9474-1A3956D46DE8}") = "services", "services", "{EC722B62-2985-4ECC-B481-05994546B449}"
EndProject
Project("{2150E333-8FDC-42A3-9474-1A3956D46DE8}") = "Core.Application", "Core.Application", "{A6B92F9C-367F-484D-9094-06AC50315CA5}"
EndProject
Project("{FAE04EC0-301F-11D3-BF4B-00C04F79EFBC}") = "Core.Application", "core\Core.Application\Core.Application.csproj", "{56246C58-6FFE-45B7-BBC5-743FAC986625}"
EndProject
Project("{2150E333-8FDC-42A3-9474-1A3956D46DE8}") = "Core.Domain", "Core.Domain", "{F5D9253E-0ABD-4C2F-BEBB-E903D87A0AC7}"
EndProject
Project("{FAE04EC0-301F-11D3-BF4B-00C04F79EFBC}") = "Core.Domain", "core\Core.Domain\Core.Domain.csproj", "{821C0DB7-4B79-4E0C-BEB9-A96B78D089A8}"
EndProject
Project("{2150E333-8FDC-42A3-9474-1A3956D46DE8}") = "Core.Infrastructure", "Core.Infrastructure", "{0D4BCBA5-4347-4374-AB55-2108D6FA158D}"
EndProject
Project("{FAE04EC0-301F-11D3-BF4B-00C04F79EFBC}") = "Core.Infrastructure", "core\Core.Infrastructure\Core.Infrastructure.csproj", "{ABC89170-7727-4A45-8BD5-9160D0DC3BE3}"
EndProject
Project("{2150E333-8FDC-42A3-9474-1A3956D46DE8}") = "Core.Messages", "Core.Messages", "{7F1D1DFE-23D0-4592-8A7D-A00E4A244258}"
EndProject
Project("{FAE04EC0-301F-11D3-BF4B-00C04F79EFBC}") = "Core.Messages", "core\Core.Messages\Core.Messages.csproj", "{35577EA5-703A-4AE1-86A7-3FB23CCA838F}"
EndProject
Project("{2150E333-8FDC-42A3-9474-1A3956D46DE8}") = "Payment", "Payment", "{B439E5B6-10B7-41CE-879D-AD53ACAF1946}"
EndProject
Project("{FAE04EC0-301F-11D3-BF4B-00C04F79EFBC}") = "Payment.Api", "services\payment\Payment.Api\Payment.Api.csproj", "{CC232F4B-D6F4-4395-9F3D-161A4E260A44}"
EndProject
Project("{FAE04EC0-301F-11D3-BF4B-00C04F79EFBC}") = "Payment.Domain", "services\payment\Payment.Domain\Payment.Domain.csproj", "{C4AC6E58-073C-4E46-BFED-4D3A58DE9A10}"
EndProject
Project("{FAE04EC0-301F-11D3-BF4B-00C04F79EFBC}") = "Payment.Application", "services\payment\Payment.Application\Payment.Application.csproj", "{10B740AE-13E0-43ED-A460-2DE45DB3875A}"
EndProject
Project("{FAE04EC0-301F-11D3-BF4B-00C04F79EFBC}") = "Payment.Infrastructure", "services\payment\Payment.Infrastructure\Payment.Infrastructure.csproj", "{B3E08A8E-73CF-4F14-A9BA-DD4A2D2F07B1}"
EndProject
Global
	GlobalSection(SolutionConfigurationPlatforms) = preSolution
		Debug|Any CPU = Debug|Any CPU
		Release|Any CPU = Release|Any CPU
	EndGlobalSection
	GlobalSection(NestedProjects) = preSolution
		{A6B92F9C-367F-484D-9094-06AC50315CA5} = {A988FD5A-0537-41BE-8241-6C9813751696}
		{56246C58-6FFE-45B7-BBC5-743FAC986625} = {A6B92F9C-367F-484D-9094-06AC50315CA5}
		{F5D9253E-0ABD-4C2F-BEBB-E903D87A0AC7} = {A988FD5A-0537-41BE-8241-6C9813751696}
		{821C0DB7-4B79-4E0C-BEB9-A96B78D089A8} = {F5D9253E-0ABD-4C2F-BEBB-E903D87A0AC7}
		{0D4BCBA5-4347-4374-AB55-2108D6FA158D} = {A988FD5A-0537-41BE-8241-6C9813751696}
		{ABC89170-7727-4A45-8BD5-9160D0DC3BE3} = {0D4BCBA5-4347-4374-AB55-2108D6FA158D}
		{7F1D1DFE-23D0-4592-8A7D-A00E4A244258} = {A988FD5A-0537-41BE-8241-6C9813751696}
		{35577EA5-703A-4AE1-86A7-3FB23CCA838F} = {7F1D1DFE-23D0-4592-8A7D-A00E4A244258}
		{B439E5B6-10B7-41CE-879D-AD53ACAF1946} = {EC722B62-2985-4ECC-B481-05994546B449}
		{CC232F4B-D6F4-4395-9F3D-161A4E260A44} = {B439E5B6-10B7-41CE-879D-AD53ACAF1946}
		{C4AC6E58-073C-4E46-BFED-4D3A58DE9A10} = {B439E5B6-10B7-41CE-879D-AD53ACAF1946}
		{10B740AE-13E0-43ED-A460-2DE45DB3875A} = {B439E5B6-10B7-41CE-879D-AD53ACAF1946}
		{B3E08A8E-73CF-4F14-A9BA-DD4A2D2F07B1} = {B439E5B6-10B7-41CE-879D-AD53ACAF1946}
	EndGlobalSection
	GlobalSection(ProjectConfigurationPlatforms) = postSolution
		{56246C58-6FFE-45B7-BBC5-743FAC986625}.Debug|Any CPU.ActiveCfg = Debug|Any CPU
		{56246C58-6FFE-45B7-BBC5-743FAC986625}.Debug|Any CPU.Build.0 = Debug|Any CPU
		{56246C58-6FFE-45B7-BBC5-743FAC986625}.Release|Any CPU.ActiveCfg = Release|Any CPU
		{56246C58-6FFE-45B7-BBC5-743FAC986625}.Release|Any CPU.Build.0 = Release|Any CPU
		{821C0DB7-4B79-4E0C-BEB9-A96B78D089A8}.Debug|Any CPU.ActiveCfg = Debug|Any CPU
		{821C0DB7-4B79-4E0C-BEB9-A96B78D089A8}.Debug|Any CPU.Build.0 = Debug|Any CPU
		{821C0DB7-4B79-4E0C-BEB9-A96B78D089A8}.Release|Any CPU.ActiveCfg = Release|Any CPU
		{821C0DB7-4B79-4E0C-BEB9-A96B78D089A8}.Release|Any CPU.Build.0 = Release|Any CPU
		{ABC89170-7727-4A45-8BD5-9160D0DC3BE3}.Debug|Any CPU.ActiveCfg = Debug|Any CPU
		{ABC89170-7727-4A45-8BD5-9160D0DC3BE3}.Debug|Any CPU.Build.0 = Debug|Any CPU
		{ABC89170-7727-4A45-8BD5-9160D0DC3BE3}.Release|Any CPU.ActiveCfg = Release|Any CPU
		{ABC89170-7727-4A45-8BD5-9160D0DC3BE3}.Release|Any CPU.Build.0 = Release|Any CPU
		{35577EA5-703A-4AE1-86A7-3FB23CCA838F}.Debug|Any CPU.ActiveCfg = Debug|Any CPU
		{35577EA5-703A-4AE1-86A7-3FB23CCA838F}.Debug|Any CPU.Build.0 = Debug|Any CPU
		{35577EA5-703A-4AE1-86A7-3FB23CCA838F}.Release|Any CPU.ActiveCfg = Release|Any CPU
		{35577EA5-703A-4AE1-86A7-3FB23CCA838F}.Release|Any CPU.Build.0 = Release|Any CPU
		{CC232F4B-D6F4-4395-9F3D-161A4E260A44}.Debug|Any CPU.ActiveCfg = Debug|Any CPU
		{CC232F4B-D6F4-4395-9F3D-161A4E260A44}.Debug|Any CPU.Build.0 = Debug|Any CPU
		{CC232F4B-D6F4-4395-9F3D-161A4E260A44}.Release|Any CPU.ActiveCfg = Release|Any CPU
		{CC232F4B-D6F4-4395-9F3D-161A4E260A44}.Release|Any CPU.Build.0 = Release|Any CPU
		{C4AC6E58-073C-4E46-BFED-4D3A58DE9A10}.Debug|Any CPU.ActiveCfg = Debug|Any CPU
		{C4AC6E58-073C-4E46-BFED-4D3A58DE9A10}.Debug|Any CPU.Build.0 = Debug|Any CPU
		{C4AC6E58-073C-4E46-BFED-4D3A58DE9A10}.Release|Any CPU.ActiveCfg = Release|Any CPU
		{C4AC6E58-073C-4E46-BFED-4D3A58DE9A10}.Release|Any CPU.Build.0 = Release|Any CPU
		{10B740AE-13E0-43ED-A460-2DE45DB3875A}.Debug|Any CPU.ActiveCfg = Debug|Any CPU
		{10B740AE-13E0-43ED-A460-2DE45DB3875A}.Debug|Any CPU.Build.0 = Debug|Any CPU
		{10B740AE-13E0-43ED-A460-2DE45DB3875A}.Release|Any CPU.ActiveCfg = Release|Any CPU
		{10B740AE-13E0-43ED-A460-2DE45DB3875A}.Release|Any CPU.Build.0 = Release|Any CPU
		{B3E08A8E-73CF-4F14-A9BA-DD4A2D2F07B1}.Debug|Any CPU.ActiveCfg = Debug|Any CPU
		{B3E08A8E-73CF-4F14-A9BA-DD4A2D2F07B1}.Debug|Any CPU.Build.0 = Debug|Any CPU
		{B3E08A8E-73CF-4F14-A9BA-DD4A2D2F07B1}.Release|Any CPU.ActiveCfg = Release|Any CPU
		{B3E08A8E-73CF-4F14-A9BA-DD4A2D2F07B1}.Release|Any CPU.Build.0 = Release|Any CPU
	EndGlobalSection
EndGlobal
